github.com/creachadair/jrpc2 v1.0.1 h1:J/D88pPjGwmiD5fYm1BMkxHLePoEnSvMf8CWIlvXmaM=
github.com/creachadair/jrpc2 v1.0.1/go.mod h1:bYgrBIuiBY7g0SikkCR7Nn1SPNWczTNzgznFEXrxOGA=
github.com/creachadair/mds v0.0.1 h1:2nX6Sww4dXpScx3b6aYjH1n7iuEH715+jj+cKkKw9BY=
github.com/creachadair/mds v0.0.1/go.mod h1:caBACU+n1Q/rZ252FTzfnG0/H+ZUi+UnIQtEOraMv/g=
golang.org/x/sync v0.2.0 h1:PUR+T4wwASmuSTYdKjYHI5TD22Wy5ogLU5qZCOLxBrI=
golang.org/x/sync v0.2.0/go.mod h1:RxMgew5VJxzue5/jJTE5uejpjVlOe/izrB70Jof72aM=
